
Microsoft Visual Studio Solution File, Format Version 12.00
# Visual Studio Version 16
VisualStudioVersion = 16.0.29806.167
MinimumVisualStudioVersion = 10.0.40219.1
Project("{9A19103F-16F7-4668-BE54-9A1E7A4F7556}") = "CSVAnalysis", "CSVAnalysis\CSVAnalysis\CSVAnalysis.csproj", "{9562A280-614D-4A47-96BD-CA0087C49582}"
EndProject
Project("{9A19103F-16F7-4668-BE54-9A1E7A4F7556}") = "OperateInfoPath", "OperateInfoPath\OperateInfoPath.csproj", "{5B0927BE-6951-4E18-B4F5-805752A955C3}"
EndProject
Project("{9A19103F-16F7-4668-BE54-9A1E7A4F7556}") = "RPA.Core", "RPA.Core\RPA.Core.csproj", "{9B8126AC-C748-41B4-AF17-FFA2A3DB8E3F}"
EndProject
Project("{9A19103F-16F7-4668-BE54-9A1E7A4F7556}") = "HugeExcel", "HugeExcel\HugeExcel.csproj", "{8054BDCF-5DA6-4A94-93D2-2A9D822902E2}"
EndProject
Project("{9A19103F-16F7-4668-BE54-9A1E7A4F7556}") = "HugeExcel_Step2", "HugeExcel_Step2\HugeExcel_Step2.csproj", "{428BE8AF-47AF-47C2-9C6A-07FAE84765D6}"
EndProject
Project("{9A19103F-16F7-4668-BE54-9A1E7A4F7556}") = "SalesPre", "SalesPre\SalesPre.csproj", "{283077B4-55FD-47DB-AB94-DF1B4E7AD365}"
EndProject
Project("{9A19103F-16F7-4668-BE54-9A1E7A4F7556}") = "SalesPre_Step2", "SalesPre_Step2\SalesPre_Step2.csproj", "{D71E0137-5309-4D8E-8220-C9632647D508}"
EndProject
Project("{9A19103F-16F7-4668-BE54-9A1E7A4F7556}") = "FinSplitSalesCustomer", "FinSplitSalesCustomer\FinSplitSalesCustomer.csproj", "{D2816E58-152A-430A-8BA3-76C46B22F6D8}"
EndProject
Project("{9A19103F-16F7-4668-BE54-9A1E7A4F7556}") = "TestUtil", "TestUtil\TestUtil.csproj", "{E709E563-7919-4290-87E8-7105AB3D574D}"
EndProject
Global
	GlobalSection(SolutionConfigurationPlatforms) = preSolution
		Debug|Any CPU = Debug|Any CPU
		Release|Any CPU = Release|Any CPU
	EndGlobalSection
	GlobalSection(ProjectConfigurationPlatforms) = postSolution
		{9562A280-614D-4A47-96BD-CA0087C49582}.Debug|Any CPU.ActiveCfg = Debug|Any CPU
		{9562A280-614D-4A47-96BD-CA0087C49582}.Debug|Any CPU.Build.0 = Debug|Any CPU
		{9562A280-614D-4A47-96BD-CA0087C49582}.Release|Any CPU.ActiveCfg = Release|Any CPU
		{9562A280-614D-4A47-96BD-CA0087C49582}.Release|Any CPU.Build.0 = Release|Any CPU
		{5B0927BE-6951-4E18-B4F5-805752A955C3}.Debug|Any CPU.ActiveCfg = Debug|Any CPU
		{5B0927BE-6951-4E18-B4F5-805752A955C3}.Debug|Any CPU.Build.0 = Debug|Any CPU
		{5B0927BE-6951-4E18-B4F5-805752A955C3}.Release|Any CPU.ActiveCfg = Release|Any CPU
		{5B0927BE-6951-4E18-B4F5-805752A955C3}.Release|Any CPU.Build.0 = Release|Any CPU
		{9B8126AC-C748-41B4-AF17-FFA2A3DB8E3F}.Debug|Any CPU.ActiveCfg = Debug|Any CPU
		{9B8126AC-C748-41B4-AF17-FFA2A3DB8E3F}.Debug|Any CPU.Build.0 = Debug|Any CPU
		{9B8126AC-C748-41B4-AF17-FFA2A3DB8E3F}.Release|Any CPU.ActiveCfg = Release|Any CPU
		{9B8126AC-C748-41B4-AF17-FFA2A3DB8E3F}.Release|Any CPU.Build.0 = Release|Any CPU
		{8054BDCF-5DA6-4A94-93D2-2A9D822902E2}.Debug|Any CPU.ActiveCfg = Debug|Any CPU
		{8054BDCF-5DA6-4A94-93D2-2A9D822902E2}.Debug|Any CPU.Build.0 = Debug|Any CPU
		{8054BDCF-5DA6-4A94-93D2-2A9D822902E2}.Release|Any CPU.ActiveCfg = Release|Any CPU
		{8054BDCF-5DA6-4A94-93D2-2A9D822902E2}.Release|Any CPU.Build.0 = Release|Any CPU
		{428BE8AF-47AF-47C2-9C6A-07FAE84765D6}.Debug|Any CPU.ActiveCfg = Debug|Any CPU
		{428BE8AF-47AF-47C2-9C6A-07FAE84765D6}.Debug|Any CPU.Build.0 = Debug|Any CPU
		{428BE8AF-47AF-47C2-9C6A-07FAE84765D6}.Release|Any CPU.ActiveCfg = Release|Any CPU
		{428BE8AF-47AF-47C2-9C6A-07FAE84765D6}.Release|Any CPU.Build.0 = Release|Any CPU
		{283077B4-55FD-47DB-AB94-DF1B4E7AD365}.Debug|Any CPU.ActiveCfg = Debug|Any CPU
		{283077B4-55FD-47DB-AB94-DF1B4E7AD365}.Debug|Any CPU.Build.0 = Debug|Any CPU
		{283077B4-55FD-47DB-AB94-DF1B4E7AD365}.Release|Any CPU.ActiveCfg = Release|Any CPU
		{283077B4-55FD-47DB-AB94-DF1B4E7AD365}.Release|Any CPU.Build.0 = Release|Any CPU
		{D71E0137-5309-4D8E-8220-C9632647D508}.Debug|Any CPU.ActiveCfg = Debug|Any CPU
		{D71E0137-5309-4D8E-8220-C9632647D508}.Debug|Any CPU.Build.0 = Debug|Any CPU
		{D71E0137-5309-4D8E-8220-C9632647D508}.Release|Any CPU.ActiveCfg = Release|Any CPU
		{D71E0137-5309-4D8E-8220-C9632647D508}.Release|Any CPU.Build.0 = Release|Any CPU
		{D2816E58-152A-430A-8BA3-76C46B22F6D8}.Debug|Any CPU.ActiveCfg = Debug|Any CPU
		{D2816E58-152A-430A-8BA3-76C46B22F6D8}.Debug|Any CPU.Build.0 = Debug|Any CPU
		{D2816E58-152A-430A-8BA3-76C46B22F6D8}.Release|Any CPU.ActiveCfg = Release|Any CPU
		{D2816E58-152A-430A-8BA3-76C46B22F6D8}.Release|Any CPU.Build.0 = Release|Any CPU
		{E709E563-7919-4290-87E8-7105AB3D574D}.Debug|Any CPU.ActiveCfg = Debug|Any CPU
		{E709E563-7919-4290-87E8-7105AB3D574D}.Debug|Any CPU.Build.0 = Debug|Any CPU
		{E709E563-7919-4290-87E8-7105AB3D574D}.Release|Any CPU.ActiveCfg = Release|Any CPU
		{E709E563-7919-4290-87E8-7105AB3D574D}.Release|Any CPU.Build.0 = Release|Any CPU
	EndGlobalSection
	GlobalSection(SolutionProperties) = preSolution
		HideSolutionNode = FALSE
	EndGlobalSection
	GlobalSection(ExtensibilityGlobals) = postSolution
		SolutionGuid = {9DE38A8B-9DE0-40EE-B282-65EFE14A0AB3}
	EndGlobalSection
EndGlobal
